
Microsoft Visual Studio Solution File, Format Version 12.00
# Visual Studio Version 16
VisualStudioVersion = 16.0.29424.173
MinimumVisualStudioVersion = 10.0.40219.1
Project("{9A19103F-16F7-4668-BE54-9A1E7A4F7556}") = "Monny", "Monny\Monny.csproj", "{36DDE168-DEC7-4033-A214-6932D4903BA3}"
EndProject
Project("{FAE04EC0-301F-11D3-BF4B-00C04F79EFBC}") = "DataAccess", "DataAccess\DataAccess.csproj", "{E0ECDE0C-76BC-48CC-BCD3-FE72EE744A24}"
EndProject
Global
	GlobalSection(SolutionConfigurationPlatforms) = preSolution
		Debug|Any CPU = Debug|Any CPU
		Release|Any CPU = Release|Any CPU
	EndGlobalSection
	GlobalSection(ProjectConfigurationPlatforms) = postSolution
		{36DDE168-DEC7-4033-A214-6932D4903BA3}.Debug|Any CPU.ActiveCfg = Debug|Any CPU
		{36DDE168-DEC7-4033-A214-6932D4903BA3}.Debug|Any CPU.Build.0 = Debug|Any CPU
		{36DDE168-DEC7-4033-A214-6932D4903BA3}.Release|Any CPU.ActiveCfg = Release|Any CPU
		{36DDE168-DEC7-4033-A214-6932D4903BA3}.Release|Any CPU.Build.0 = Release|Any CPU
		{E0ECDE0C-76BC-48CC-BCD3-FE72EE744A24}.Debug|Any CPU.ActiveCfg = Debug|Any CPU
		{E0ECDE0C-76BC-48CC-BCD3-FE72EE744A24}.Debug|Any CPU.Build.0 = Debug|Any CPU
		{E0ECDE0C-76BC-48CC-BCD3-FE72EE744A24}.Release|Any CPU.ActiveCfg = Release|Any CPU
		{E0ECDE0C-76BC-48CC-BCD3-FE72EE744A24}.Release|Any CPU.Build.0 = Release|Any CPU
	EndGlobalSection
	GlobalSection(SolutionProperties) = preSolution
		HideSolutionNode = FALSE
	EndGlobalSection
	GlobalSection(ExtensibilityGlobals) = postSolution
		SolutionGuid = {29F29550-1732-4011-B6BA-E3329C1EB307}
	EndGlobalSection
EndGlobal
